
Microsoft Visual Studio Solution File, Format Version 12.00
# Visual Studio Version 17
VisualStudioVersion = 17.14.36327.8
MinimumVisualStudioVersion = 10.0.40219.1
Project("{FAE04EC0-301F-11D3-BF4B-00C04F79EFBC}") = "DriverLogisticsApp", "DriverLogisticsApp\DriverLogisticsApp.csproj", "{6899F645-A8E8-4938-B6C7-B9C39E187742}"
EndProject
Project("{FAE04EC0-301F-11D3-BF4B-00C04F79EFBC}") = "DriverLogisticsApp.Tests", "DriverLogisticsApp.Tests\DriverLogisticsApp.Tests.csproj", "{23FC60F1-B1D3-4A59-B678-9419C8D81007}"
EndProject
Global
	GlobalSection(SolutionConfigurationPlatforms) = preSolution
		Debug|Any CPU = Debug|Any CPU
		Release|Any CPU = Release|Any CPU
	EndGlobalSection
	GlobalSection(ProjectConfigurationPlatforms) = postSolution
		{6899F645-A8E8-4938-B6C7-B9C39E187742}.Debug|Any CPU.ActiveCfg = Debug|Any CPU
		{6899F645-A8E8-4938-B6C7-B9C39E187742}.Debug|Any CPU.Build.0 = Debug|Any CPU
		{6899F645-A8E8-4938-B6C7-B9C39E187742}.Debug|Any CPU.Deploy.0 = Debug|Any CPU
		{6899F645-A8E8-4938-B6C7-B9C39E187742}.Release|Any CPU.ActiveCfg = Release|Any CPU
		{6899F645-A8E8-4938-B6C7-B9C39E187742}.Release|Any CPU.Build.0 = Release|Any CPU
		{23FC60F1-B1D3-4A59-B678-9419C8D81007}.Debug|Any CPU.ActiveCfg = Debug|Any CPU
		{23FC60F1-B1D3-4A59-B678-9419C8D81007}.Debug|Any CPU.Build.0 = Debug|Any CPU
		{23FC60F1-B1D3-4A59-B678-9419C8D81007}.Release|Any CPU.ActiveCfg = Release|Any CPU
		{23FC60F1-B1D3-4A59-B678-9419C8D81007}.Release|Any CPU.Build.0 = Release|Any CPU
	EndGlobalSection
	GlobalSection(SolutionProperties) = preSolution
		HideSolutionNode = FALSE
	EndGlobalSection
	GlobalSection(ExtensibilityGlobals) = postSolution
		SolutionGuid = {B3814B8E-654E-4F56-B2E7-9042D385D14F}
	EndGlobalSection
EndGlobal
